
Microsoft Visual Studio Solution File, Format Version 12.00
# Visual Studio 15
VisualStudioVersion = 15.0.27130.2010
MinimumVisualStudioVersion = 10.0.40219.1
Project("{FAE04EC0-301F-11D3-BF4B-00C04F79EFBC}") = "AllInOne.Web", "AllInOne.Web\AllInOne.Web.csproj", "{1099E77B-3937-4893-B131-4DEDD62A33B9}"
EndProject
Project("{FAE04EC0-301F-11D3-BF4B-00C04F79EFBC}") = "Separate.Client", "Separate.Client\Separate.Client.csproj", "{2E78D473-F82A-42C0-B051-C4ABF0E6786E}"
EndProject
Project("{FAE04EC0-301F-11D3-BF4B-00C04F79EFBC}") = "Separate.API", "Separate.API\Separate.API.csproj", "{23FF8429-C08C-4FD7-A478-91D11C1F3AA2}"
EndProject
Project("{FAE04EC0-301F-11D3-BF4B-00C04F79EFBC}") = "AzureADOpenID.Library", "AzureADOpenID.Library\AzureADOpenID.Library.csproj", "{5428416E-78D7-46AC-A4F6-AA8A1CB9989A}"
EndProject
Project("{FAE04EC0-301F-11D3-BF4B-00C04F79EFBC}") = "WebForms.Client", "WebForms.Client\WebForms.Client.csproj", "{E3D746C6-E3CF-4CA2-ACEC-99F35F770B15}"
EndProject
Global
	GlobalSection(SolutionConfigurationPlatforms) = preSolution
		Debug|Any CPU = Debug|Any CPU
		Release|Any CPU = Release|Any CPU
	EndGlobalSection
	GlobalSection(ProjectConfigurationPlatforms) = postSolution
		{1099E77B-3937-4893-B131-4DEDD62A33B9}.Debug|Any CPU.ActiveCfg = Debug|Any CPU
		{1099E77B-3937-4893-B131-4DEDD62A33B9}.Debug|Any CPU.Build.0 = Debug|Any CPU
		{1099E77B-3937-4893-B131-4DEDD62A33B9}.Release|Any CPU.ActiveCfg = Release|Any CPU
		{1099E77B-3937-4893-B131-4DEDD62A33B9}.Release|Any CPU.Build.0 = Release|Any CPU
		{2E78D473-F82A-42C0-B051-C4ABF0E6786E}.Debug|Any CPU.ActiveCfg = Debug|Any CPU
		{2E78D473-F82A-42C0-B051-C4ABF0E6786E}.Debug|Any CPU.Build.0 = Debug|Any CPU
		{2E78D473-F82A-42C0-B051-C4ABF0E6786E}.Release|Any CPU.ActiveCfg = Release|Any CPU
		{2E78D473-F82A-42C0-B051-C4ABF0E6786E}.Release|Any CPU.Build.0 = Release|Any CPU
		{23FF8429-C08C-4FD7-A478-91D11C1F3AA2}.Debug|Any CPU.ActiveCfg = Debug|Any CPU
		{23FF8429-C08C-4FD7-A478-91D11C1F3AA2}.Debug|Any CPU.Build.0 = Debug|Any CPU
		{23FF8429-C08C-4FD7-A478-91D11C1F3AA2}.Release|Any CPU.ActiveCfg = Release|Any CPU
		{23FF8429-C08C-4FD7-A478-91D11C1F3AA2}.Release|Any CPU.Build.0 = Release|Any CPU
		{5428416E-78D7-46AC-A4F6-AA8A1CB9989A}.Debug|Any CPU.ActiveCfg = Debug|Any CPU
		{5428416E-78D7-46AC-A4F6-AA8A1CB9989A}.Debug|Any CPU.Build.0 = Debug|Any CPU
		{5428416E-78D7-46AC-A4F6-AA8A1CB9989A}.Release|Any CPU.ActiveCfg = Release|Any CPU
		{5428416E-78D7-46AC-A4F6-AA8A1CB9989A}.Release|Any CPU.Build.0 = Release|Any CPU
		{E3D746C6-E3CF-4CA2-ACEC-99F35F770B15}.Debug|Any CPU.ActiveCfg = Debug|Any CPU
		{E3D746C6-E3CF-4CA2-ACEC-99F35F770B15}.Debug|Any CPU.Build.0 = Debug|Any CPU
		{E3D746C6-E3CF-4CA2-ACEC-99F35F770B15}.Release|Any CPU.ActiveCfg = Release|Any CPU
		{E3D746C6-E3CF-4CA2-ACEC-99F35F770B15}.Release|Any CPU.Build.0 = Release|Any CPU
	EndGlobalSection
	GlobalSection(SolutionProperties) = preSolution
		HideSolutionNode = FALSE
	EndGlobalSection
	GlobalSection(ExtensibilityGlobals) = postSolution
		SolutionGuid = {9D9358EA-AB34-4FAB-9107-AF2D6A6136A6}
	EndGlobalSection
	GlobalSection(TeamFoundationVersionControl) = preSolution
		SccNumberOfProjects = 6
		SccEnterpriseProvider = {4CA58AB2-18FA-4F8D-95D4-32DDF27D184C}
		SccTeamFoundationServer = https://nimccoll.visualstudio.com/
		SccLocalPath0 = .
		SccProjectUniqueName1 = AllInOne.Web\\AllInOne.Web.csproj
		SccProjectName1 = AllInOne.Web
		SccLocalPath1 = AllInOne.Web
		SccProjectUniqueName2 = AzureADOpenID.Library\\AzureADOpenID.Library.csproj
		SccProjectName2 = AzureADOpenID.Library
		SccLocalPath2 = AzureADOpenID.Library
		SccProjectUniqueName3 = Separate.API\\Separate.API.csproj
		SccProjectName3 = Separate.API
		SccLocalPath3 = Separate.API
		SccProjectUniqueName4 = Separate.Client\\Separate.Client.csproj
		SccProjectName4 = Separate.Client
		SccLocalPath4 = Separate.Client
		SccProjectUniqueName5 = WebForms.Client\\WebForms.Client.csproj
		SccProjectName5 = WebForms.Client
		SccLocalPath5 = WebForms.Client
	EndGlobalSection
EndGlobal
